
Microsoft Visual Studio Solution File, Format Version 12.00
# Visual Studio Version 17
VisualStudioVersion = 17.0.32014.148
MinimumVisualStudioVersion = 10.0.40219.1
Project("{8BC9CEB8-8B4A-11D0-8D11-00A0C91BC942}") = "DX Engine", "DirectX Engine\DirectX Engine.vcxproj", "{8E64F6FB-B714-44C0-BC7F-E1BFF6063097}"
EndProject
Project("{2150E333-8FDC-42A3-9474-1A3956D46DE8}") = "Renderer", "Renderer", "{492CF49B-6CD7-4D4E-A554-E6CD6318BC4F}"
EndProject
Project("{8BC9CEB8-8B4A-11D0-8D11-00A0C91BC942}") = "Renderer", "Renderer\Renderer.vcxproj", "{CB5D135B-A195-4E43-9904-0B25B0AD5281}"
EndProject
Project("{2150E333-8FDC-42A3-9474-1A3956D46DE8}") = "Renderer APIs", "Renderer APIs", "{499088D1-261D-4B52-AE41-15CE51F0CC16}"
EndProject
Project("{2150E333-8FDC-42A3-9474-1A3956D46DE8}") = "Third_Parties", "Third_Parties", "{14A9CCAF-D875-4A8D-98C6-61201A9DE959}"
EndProject
Project("{2150E333-8FDC-42A3-9474-1A3956D46DE8}") = "PhysX", "PhysX", "{A57FCB51-DE87-4C2D-95CF-68152BD98FCB}"
EndProject
Project("{8BC9CEB8-8B4A-11D0-8D11-00A0C91BC942}") = "FastXml", "Third_Parties\PhysX\compiler\vc17win64\sdk_source_bin\FastXml.vcxproj", "{359190FF-FBED-31D1-A115-BC6DCEDDDB3F}"
EndProject
Project("{8BC9CEB8-8B4A-11D0-8D11-00A0C91BC942}") = "LowLevel", "Third_Parties\PhysX\compiler\vc17win64\sdk_source_bin\LowLevel.vcxproj", "{F46E7679-A38D-3FE2-BED4-21B089BF2E5D}"
EndProject
Project("{8BC9CEB8-8B4A-11D0-8D11-00A0C91BC942}") = "LowLevelAABB", "Third_Parties\PhysX\compiler\vc17win64\sdk_source_bin\LowLevelAABB.vcxproj", "{3D143364-3933-31D3-A72A-808B5C7CF583}"
EndProject
Project("{8BC9CEB8-8B4A-11D0-8D11-00A0C91BC942}") = "PhysXCommon", "Third_Parties\PhysX\compiler\vc17win64\sdk_source_bin\PhysXCommon.vcxproj", "{AA0C494D-5312-3929-9114-C8DE7329EC21}"
EndProject
Project("{8BC9CEB8-8B4A-11D0-8D11-00A0C91BC942}") = "PhysX", "Third_Parties\PhysX\compiler\vc17win64\sdk_source_bin\PhysX.vcxproj", "{AD9393DF-92DE-320F-9B84-0AFB274616AF}"
EndProject
Project("{8BC9CEB8-8B4A-11D0-8D11-00A0C91BC942}") = "PhysXCooking", "Third_Parties\PhysX\compiler\vc17win64\sdk_source_bin\PhysXCooking.vcxproj", "{4E8301E4-08B2-33AE-A526-610CE9E61B07}"
EndProject
Project("{8BC9CEB8-8B4A-11D0-8D11-00A0C91BC942}") = "PhysXPvdSDK", "Third_Parties\PhysX\compiler\vc17win64\sdk_source_bin\PhysXPvdSDK.vcxproj", "{F7CABF15-F6D4-3547-9F12-1D2E8AC9A666}"
EndProject
Project("{8BC9CEB8-8B4A-11D0-8D11-00A0C91BC942}") = "SceneQuery", "Third_Parties\PhysX\compiler\vc17win64\sdk_source_bin\SceneQuery.vcxproj", "{86BF0AFC-2815-3C3B-906A-914C74F0E053}"
EndProject
Project("{8BC9CEB8-8B4A-11D0-8D11-00A0C91BC942}") = "SimulationController", "Third_Parties\PhysX\compiler\vc17win64\sdk_source_bin\SimulationController.vcxproj", "{2C35BDAE-3154-3690-81EC-0428D4D3F5A6}"
EndProject
Project("{8BC9CEB8-8B4A-11D0-8D11-00A0C91BC942}") = "PhysXFoundation", "Third_Parties\PhysX\compiler\vc17win64\sdk_source_bin\PhysXFoundation.vcxproj", "{5D9DF60E-A237-3D70-88B4-6A440F0F4EAA}"
EndProject
Project("{8BC9CEB8-8B4A-11D0-8D11-00A0C91BC942}") = "PhysXTask", "Third_Parties\PhysX\compiler\vc17win64\sdk_source_bin\PhysXTask.vcxproj", "{FB587710-1855-3264-AE4A-BBFF15A528B7}"
EndProject
Project("{8BC9CEB8-8B4A-11D0-8D11-00A0C91BC942}") = "LowLevelDynamics", "Third_Parties\PhysX\compiler\vc17win64\sdk_source_bin\LowLevelDynamics.vcxproj", "{9AC58A1B-1836-3388-AADE-3FF72C42E8AF}"
EndProject
Project("{8BC9CEB8-8B4A-11D0-8D11-00A0C91BC942}") = "DirectXRenderer", "Renderer\Renderer APIs\DirectXRenderer\DirectXRenderer.vcxproj", "{ACCFD94E-946A-40BF-9572-20588102B0EF}"
EndProject
Project("{2150E333-8FDC-42A3-9474-1A3956D46DE8}") = "DirectX", "DirectX", "{B8058A98-BE3D-4DA1-BC7D-00C8E8FC74C0}"
EndProject
Project("{8BC9CEB8-8B4A-11D0-8D11-00A0C91BC942}") = "DirectXTK12", "C:\Direct3D12-Engine\Third_Parties\DirectXTK12\DirectXTK_Desktop_2019_Win10.vcxproj", "{3E0E8608-CD9B-4C76-AF33-29CA38F2C9F0}"
EndProject
Project("{8BC9CEB8-8B4A-11D0-8D11-00A0C91BC942}") = "PhysXExtensions", "Third_Parties\PhysX\compiler\vc17win64\sdk_source_bin\PhysXExtensions.vcxproj", "{D30063A1-15AB-30BF-ABB6-93A2154A7E61}"
EndProject
Project("{8BC9CEB8-8B4A-11D0-8D11-00A0C91BC942}") = "Common", "Common\Common.vcxproj", "{46134651-D22B-47F7-8CA0-562D87DEF0F9}"
EndProject
Project("{8BC9CEB8-8B4A-11D0-8D11-00A0C91BC942}") = "PhysXCharacterKinematic", "Third_Parties\PhysX\compiler\vc17win64\sdk_source_bin\PhysXCharacterKinematic.vcxproj", "{B0F826CC-400F-342D-BF09-BAD6C19F4FDA}"
EndProject
Global
	GlobalSection(SolutionConfigurationPlatforms) = preSolution
		checked|ARM64 = checked|ARM64
		checked|x64 = checked|x64
		checked|x86 = checked|x86
		Debug|ARM64 = Debug|ARM64
		Debug|x64 = Debug|x64
		Debug|x86 = Debug|x86
		profile|ARM64 = profile|ARM64
		profile|x64 = profile|x64
		profile|x86 = profile|x86
		Release|ARM64 = Release|ARM64
		Release|x64 = Release|x64
		Release|x86 = Release|x86
	EndGlobalSection
	GlobalSection(ProjectConfigurationPlatforms) = postSolution
		{8E64F6FB-B714-44C0-BC7F-E1BFF6063097}.checked|ARM64.ActiveCfg = Debug|Win32
		{8E64F6FB-B714-44C0-BC7F-E1BFF6063097}.checked|ARM64.Build.0 = Debug|Win32
		{8E64F6FB-B714-44C0-BC7F-E1BFF6063097}.checked|x64.ActiveCfg = Release|x64
		{8E64F6FB-B714-44C0-BC7F-E1BFF6063097}.checked|x64.Build.0 = Release|x64
		{8E64F6FB-B714-44C0-BC7F-E1BFF6063097}.checked|x86.ActiveCfg = Release|Win32
		{8E64F6FB-B714-44C0-BC7F-E1BFF6063097}.checked|x86.Build.0 = Release|Win32
		{8E64F6FB-B714-44C0-BC7F-E1BFF6063097}.Debug|ARM64.ActiveCfg = Debug|Win32
		{8E64F6FB-B714-44C0-BC7F-E1BFF6063097}.Debug|x64.ActiveCfg = Debug|x64
		{8E64F6FB-B714-44C0-BC7F-E1BFF6063097}.Debug|x64.Build.0 = Debug|x64
		{8E64F6FB-B714-44C0-BC7F-E1BFF6063097}.Debug|x86.ActiveCfg = Debug|Win32
		{8E64F6FB-B714-44C0-BC7F-E1BFF6063097}.Debug|x86.Build.0 = Debug|Win32
		{8E64F6FB-B714-44C0-BC7F-E1BFF6063097}.profile|ARM64.ActiveCfg = Debug|Win32
		{8E64F6FB-B714-44C0-BC7F-E1BFF6063097}.profile|ARM64.Build.0 = Debug|Win32
		{8E64F6FB-B714-44C0-BC7F-E1BFF6063097}.profile|x64.ActiveCfg = Release|x64
		{8E64F6FB-B714-44C0-BC7F-E1BFF6063097}.profile|x64.Build.0 = Release|x64
		{8E64F6FB-B714-44C0-BC7F-E1BFF6063097}.profile|x86.ActiveCfg = Release|Win32
		{8E64F6FB-B714-44C0-BC7F-E1BFF6063097}.profile|x86.Build.0 = Release|Win32
		{8E64F6FB-B714-44C0-BC7F-E1BFF6063097}.Release|ARM64.ActiveCfg = Release|Win32
		{8E64F6FB-B714-44C0-BC7F-E1BFF6063097}.Release|x64.ActiveCfg = Release|x64
		{8E64F6FB-B714-44C0-BC7F-E1BFF6063097}.Release|x64.Build.0 = Release|x64
		{8E64F6FB-B714-44C0-BC7F-E1BFF6063097}.Release|x86.ActiveCfg = Release|Win32
		{8E64F6FB-B714-44C0-BC7F-E1BFF6063097}.Release|x86.Build.0 = Release|Win32
		{CB5D135B-A195-4E43-9904-0B25B0AD5281}.checked|ARM64.ActiveCfg = Debug|Win32
		{CB5D135B-A195-4E43-9904-0B25B0AD5281}.checked|ARM64.Build.0 = Debug|Win32
		{CB5D135B-A195-4E43-9904-0B25B0AD5281}.checked|x64.ActiveCfg = Release|x64
		{CB5D135B-A195-4E43-9904-0B25B0AD5281}.checked|x64.Build.0 = Release|x64
		{CB5D135B-A195-4E43-9904-0B25B0AD5281}.checked|x86.ActiveCfg = Release|Win32
		{CB5D135B-A195-4E43-9904-0B25B0AD5281}.checked|x86.Build.0 = Release|Win32
		{CB5D135B-A195-4E43-9904-0B25B0AD5281}.Debug|ARM64.ActiveCfg = Debug|Win32
		{CB5D135B-A195-4E43-9904-0B25B0AD5281}.Debug|x64.ActiveCfg = Debug|x64
		{CB5D135B-A195-4E43-9904-0B25B0AD5281}.Debug|x64.Build.0 = Debug|x64
		{CB5D135B-A195-4E43-9904-0B25B0AD5281}.Debug|x86.ActiveCfg = Debug|Win32
		{CB5D135B-A195-4E43-9904-0B25B0AD5281}.Debug|x86.Build.0 = Debug|Win32
		{CB5D135B-A195-4E43-9904-0B25B0AD5281}.profile|ARM64.ActiveCfg = Debug|Win32
		{CB5D135B-A195-4E43-9904-0B25B0AD5281}.profile|ARM64.Build.0 = Debug|Win32
		{CB5D135B-A195-4E43-9904-0B25B0AD5281}.profile|x64.ActiveCfg = Release|x64
		{CB5D135B-A195-4E43-9904-0B25B0AD5281}.profile|x64.Build.0 = Release|x64
		{CB5D135B-A195-4E43-9904-0B25B0AD5281}.profile|x86.ActiveCfg = Release|Win32
		{CB5D135B-A195-4E43-9904-0B25B0AD5281}.profile|x86.Build.0 = Release|Win32
		{CB5D135B-A195-4E43-9904-0B25B0AD5281}.Release|ARM64.ActiveCfg = Release|Win32
		{CB5D135B-A195-4E43-9904-0B25B0AD5281}.Release|x64.ActiveCfg = Release|x64
		{CB5D135B-A195-4E43-9904-0B25B0AD5281}.Release|x64.Build.0 = Release|x64
		{CB5D135B-A195-4E43-9904-0B25B0AD5281}.Release|x86.ActiveCfg = Release|Win32
		{CB5D135B-A195-4E43-9904-0B25B0AD5281}.Release|x86.Build.0 = Release|Win32
		{359190FF-FBED-31D1-A115-BC6DCEDDDB3F}.checked|ARM64.ActiveCfg = checked|x64
		{359190FF-FBED-31D1-A115-BC6DCEDDDB3F}.checked|ARM64.Build.0 = checked|x64
		{359190FF-FBED-31D1-A115-BC6DCEDDDB3F}.checked|x64.ActiveCfg = checked|x64
		{359190FF-FBED-31D1-A115-BC6DCEDDDB3F}.checked|x64.Build.0 = checked|x64
		{359190FF-FBED-31D1-A115-BC6DCEDDDB3F}.checked|x86.ActiveCfg = checked|x64
		{359190FF-FBED-31D1-A115-BC6DCEDDDB3F}.checked|x86.Build.0 = checked|x64
		{359190FF-FBED-31D1-A115-BC6DCEDDDB3F}.Debug|ARM64.ActiveCfg = debug|x64
		{359190FF-FBED-31D1-A115-BC6DCEDDDB3F}.Debug|ARM64.Build.0 = debug|x64
		{359190FF-FBED-31D1-A115-BC6DCEDDDB3F}.Debug|x64.ActiveCfg = debug|x64
		{359190FF-FBED-31D1-A115-BC6DCEDDDB3F}.Debug|x64.Build.0 = debug|x64
		{359190FF-FBED-31D1-A115-BC6DCEDDDB3F}.Debug|x86.ActiveCfg = debug|x64
		{359190FF-FBED-31D1-A115-BC6DCEDDDB3F}.Debug|x86.Build.0 = debug|x64
		{359190FF-FBED-31D1-A115-BC6DCEDDDB3F}.profile|ARM64.ActiveCfg = profile|x64
		{359190FF-FBED-31D1-A115-BC6DCEDDDB3F}.profile|ARM64.Build.0 = profile|x64
		{359190FF-FBED-31D1-A115-BC6DCEDDDB3F}.profile|x64.ActiveCfg = profile|x64
		{359190FF-FBED-31D1-A115-BC6DCEDDDB3F}.profile|x64.Build.0 = profile|x64
		{359190FF-FBED-31D1-A115-BC6DCEDDDB3F}.profile|x86.ActiveCfg = profile|x64
		{359190FF-FBED-31D1-A115-BC6DCEDDDB3F}.profile|x86.Build.0 = profile|x64
		{359190FF-FBED-31D1-A115-BC6DCEDDDB3F}.Release|ARM64.ActiveCfg = release|x64
		{359190FF-FBED-31D1-A115-BC6DCEDDDB3F}.Release|ARM64.Build.0 = release|x64
		{359190FF-FBED-31D1-A115-BC6DCEDDDB3F}.Release|x64.ActiveCfg = release|x64
		{359190FF-FBED-31D1-A115-BC6DCEDDDB3F}.Release|x64.Build.0 = release|x64
		{359190FF-FBED-31D1-A115-BC6DCEDDDB3F}.Release|x86.ActiveCfg = release|x64
		{359190FF-FBED-31D1-A115-BC6DCEDDDB3F}.Release|x86.Build.0 = release|x64
		{F46E7679-A38D-3FE2-BED4-21B089BF2E5D}.checked|ARM64.ActiveCfg = checked|x64
		{F46E7679-A38D-3FE2-BED4-21B089BF2E5D}.checked|ARM64.Build.0 = checked|x64
		{F46E7679-A38D-3FE2-BED4-21B089BF2E5D}.checked|x64.ActiveCfg = checked|x64
		{F46E7679-A38D-3FE2-BED4-21B089BF2E5D}.checked|x64.Build.0 = checked|x64
		{F46E7679-A38D-3FE2-BED4-21B089BF2E5D}.checked|x86.ActiveCfg = checked|x64
		{F46E7679-A38D-3FE2-BED4-21B089BF2E5D}.checked|x86.Build.0 = checked|x64
		{F46E7679-A38D-3FE2-BED4-21B089BF2E5D}.Debug|ARM64.ActiveCfg = debug|x64
		{F46E7679-A38D-3FE2-BED4-21B089BF2E5D}.Debug|ARM64.Build.0 = debug|x64
		{F46E7679-A38D-3FE2-BED4-21B089BF2E5D}.Debug|x64.ActiveCfg = debug|x64
		{F46E7679-A38D-3FE2-BED4-21B089BF2E5D}.Debug|x64.Build.0 = debug|x64
		{F46E7679-A38D-3FE2-BED4-21B089BF2E5D}.Debug|x86.ActiveCfg = debug|x64
		{F46E7679-A38D-3FE2-BED4-21B089BF2E5D}.Debug|x86.Build.0 = debug|x64
		{F46E7679-A38D-3FE2-BED4-21B089BF2E5D}.profile|ARM64.ActiveCfg = profile|x64
		{F46E7679-A38D-3FE2-BED4-21B089BF2E5D}.profile|ARM64.Build.0 = profile|x64
		{F46E7679-A38D-3FE2-BED4-21B089BF2E5D}.profile|x64.ActiveCfg = profile|x64
		{F46E7679-A38D-3FE2-BED4-21B089BF2E5D}.profile|x64.Build.0 = profile|x64
		{F46E7679-A38D-3FE2-BED4-21B089BF2E5D}.profile|x86.ActiveCfg = profile|x64
		{F46E7679-A38D-3FE2-BED4-21B089BF2E5D}.profile|x86.Build.0 = profile|x64
		{F46E7679-A38D-3FE2-BED4-21B089BF2E5D}.Release|ARM64.ActiveCfg = release|x64
		{F46E7679-A38D-3FE2-BED4-21B089BF2E5D}.Release|ARM64.Build.0 = release|x64
		{F46E7679-A38D-3FE2-BED4-21B089BF2E5D}.Release|x64.ActiveCfg = release|x64
		{F46E7679-A38D-3FE2-BED4-21B089BF2E5D}.Release|x64.Build.0 = release|x64
		{F46E7679-A38D-3FE2-BED4-21B089BF2E5D}.Release|x86.ActiveCfg = release|x64
		{F46E7679-A38D-3FE2-BED4-21B089BF2E5D}.Release|x86.Build.0 = release|x64
		{3D143364-3933-31D3-A72A-808B5C7CF583}.checked|ARM64.ActiveCfg = checked|x64
		{3D143364-3933-31D3-A72A-808B5C7CF583}.checked|ARM64.Build.0 = checked|x64
		{3D143364-3933-31D3-A72A-808B5C7CF583}.checked|x64.ActiveCfg = checked|x64
		{3D143364-3933-31D3-A72A-808B5C7CF583}.checked|x64.Build.0 = checked|x64
		{3D143364-3933-31D3-A72A-808B5C7CF583}.checked|x86.ActiveCfg = checked|x64
		{3D143364-3933-31D3-A72A-808B5C7CF583}.checked|x86.Build.0 = checked|x64
		{3D143364-3933-31D3-A72A-808B5C7CF583}.Debug|ARM64.ActiveCfg = debug|x64
		{3D143364-3933-31D3-A72A-808B5C7CF583}.Debug|ARM64.Build.0 = debug|x64
		{3D143364-3933-31D3-A72A-808B5C7CF583}.Debug|x64.ActiveCfg = debug|x64
		{3D143364-3933-31D3-A72A-808B5C7CF583}.Debug|x64.Build.0 = debug|x64
		{3D143364-3933-31D3-A72A-808B5C7CF583}.Debug|x86.ActiveCfg = debug|x64
		{3D143364-3933-31D3-A72A-808B5C7CF583}.Debug|x86.Build.0 = debug|x64
		{3D143364-3933-31D3-A72A-808B5C7CF583}.profile|ARM64.ActiveCfg = profile|x64
		{3D143364-3933-31D3-A72A-808B5C7CF583}.profile|ARM64.Build.0 = profile|x64
		{3D143364-3933-31D3-A72A-808B5C7CF583}.profile|x64.ActiveCfg = profile|x64
		{3D143364-3933-31D3-A72A-808B5C7CF583}.profile|x64.Build.0 = profile|x64
		{3D143364-3933-31D3-A72A-808B5C7CF583}.profile|x86.ActiveCfg = profile|x64
		{3D143364-3933-31D3-A72A-808B5C7CF583}.profile|x86.Build.0 = profile|x64
		{3D143364-3933-31D3-A72A-808B5C7CF583}.Release|ARM64.ActiveCfg = release|x64
		{3D143364-3933-31D3-A72A-808B5C7CF583}.Release|ARM64.Build.0 = release|x64
		{3D143364-3933-31D3-A72A-808B5C7CF583}.Release|x64.ActiveCfg = release|x64
		{3D143364-3933-31D3-A72A-808B5C7CF583}.Release|x64.Build.0 = release|x64
		{3D143364-3933-31D3-A72A-808B5C7CF583}.Release|x86.ActiveCfg = release|x64
		{3D143364-3933-31D3-A72A-808B5C7CF583}.Release|x86.Build.0 = release|x64
		{AA0C494D-5312-3929-9114-C8DE7329EC21}.checked|ARM64.ActiveCfg = checked|x64
		{AA0C494D-5312-3929-9114-C8DE7329EC21}.checked|ARM64.Build.0 = checked|x64
		{AA0C494D-5312-3929-9114-C8DE7329EC21}.checked|x64.ActiveCfg = checked|x64
		{AA0C494D-5312-3929-9114-C8DE7329EC21}.checked|x64.Build.0 = checked|x64
		{AA0C494D-5312-3929-9114-C8DE7329EC21}.checked|x86.ActiveCfg = checked|x64
		{AA0C494D-5312-3929-9114-C8DE7329EC21}.checked|x86.Build.0 = checked|x64
		{AA0C494D-5312-3929-9114-C8DE7329EC21}.Debug|ARM64.ActiveCfg = debug|x64
		{AA0C494D-5312-3929-9114-C8DE7329EC21}.Debug|ARM64.Build.0 = debug|x64
		{AA0C494D-5312-3929-9114-C8DE7329EC21}.Debug|x64.ActiveCfg = debug|x64
		{AA0C494D-5312-3929-9114-C8DE7329EC21}.Debug|x64.Build.0 = debug|x64
		{AA0C494D-5312-3929-9114-C8DE7329EC21}.Debug|x86.ActiveCfg = debug|x64
		{AA0C494D-5312-3929-9114-C8DE7329EC21}.Debug|x86.Build.0 = debug|x64
		{AA0C494D-5312-3929-9114-C8DE7329EC21}.profile|ARM64.ActiveCfg = profile|x64
		{AA0C494D-5312-3929-9114-C8DE7329EC21}.profile|ARM64.Build.0 = profile|x64
		{AA0C494D-5312-3929-9114-C8DE7329EC21}.profile|x64.ActiveCfg = profile|x64
		{AA0C494D-5312-3929-9114-C8DE7329EC21}.profile|x64.Build.0 = profile|x64
		{AA0C494D-5312-3929-9114-C8DE7329EC21}.profile|x86.ActiveCfg = profile|x64
		{AA0C494D-5312-3929-9114-C8DE7329EC21}.profile|x86.Build.0 = profile|x64
		{AA0C494D-5312-3929-9114-C8DE7329EC21}.Release|ARM64.ActiveCfg = release|x64
		{AA0C494D-5312-3929-9114-C8DE7329EC21}.Release|ARM64.Build.0 = release|x64
		{AA0C494D-5312-3929-9114-C8DE7329EC21}.Release|x64.ActiveCfg = release|x64
		{AA0C494D-5312-3929-9114-C8DE7329EC21}.Release|x64.Build.0 = release|x64
		{AA0C494D-5312-3929-9114-C8DE7329EC21}.Release|x86.ActiveCfg = release|x64
		{AA0C494D-5312-3929-9114-C8DE7329EC21}.Release|x86.Build.0 = release|x64
		{AD9393DF-92DE-320F-9B84-0AFB274616AF}.checked|ARM64.ActiveCfg = checked|x64
		{AD9393DF-92DE-320F-9B84-0AFB274616AF}.checked|ARM64.Build.0 = checked|x64
		{AD9393DF-92DE-320F-9B84-0AFB274616AF}.checked|x64.ActiveCfg = checked|x64
		{AD9393DF-92DE-320F-9B84-0AFB274616AF}.checked|x64.Build.0 = checked|x64
		{AD9393DF-92DE-320F-9B84-0AFB274616AF}.checked|x86.ActiveCfg = checked|x64
		{AD9393DF-92DE-320F-9B84-0AFB274616AF}.checked|x86.Build.0 = checked|x64
		{AD9393DF-92DE-320F-9B84-0AFB274616AF}.Debug|ARM64.ActiveCfg = debug|x64
		{AD9393DF-92DE-320F-9B84-0AFB274616AF}.Debug|ARM64.Build.0 = debug|x64
		{AD9393DF-92DE-320F-9B84-0AFB274616AF}.Debug|x64.ActiveCfg = debug|x64
		{AD9393DF-92DE-320F-9B84-0AFB274616AF}.Debug|x64.Build.0 = debug|x64
		{AD9393DF-92DE-320F-9B84-0AFB274616AF}.Debug|x86.ActiveCfg = debug|x64
		{AD9393DF-92DE-320F-9B84-0AFB274616AF}.Debug|x86.Build.0 = debug|x64
		{AD9393DF-92DE-320F-9B84-0AFB274616AF}.profile|ARM64.ActiveCfg = profile|x64
		{AD9393DF-92DE-320F-9B84-0AFB274616AF}.profile|ARM64.Build.0 = profile|x64
		{AD9393DF-92DE-320F-9B84-0AFB274616AF}.profile|x64.ActiveCfg = profile|x64
		{AD9393DF-92DE-320F-9B84-0AFB274616AF}.profile|x64.Build.0 = profile|x64
		{AD9393DF-92DE-320F-9B84-0AFB274616AF}.profile|x86.ActiveCfg = profile|x64
		{AD9393DF-92DE-320F-9B84-0AFB274616AF}.profile|x86.Build.0 = profile|x64
		{AD9393DF-92DE-320F-9B84-0AFB274616AF}.Release|ARM64.ActiveCfg = release|x64
		{AD9393DF-92DE-320F-9B84-0AFB274616AF}.Release|ARM64.Build.0 = release|x64
		{AD9393DF-92DE-320F-9B84-0AFB274616AF}.Release|x64.ActiveCfg = release|x64
		{AD9393DF-92DE-320F-9B84-0AFB274616AF}.Release|x64.Build.0 = release|x64
		{AD9393DF-92DE-320F-9B84-0AFB274616AF}.Release|x86.ActiveCfg = release|x64
		{AD9393DF-92DE-320F-9B84-0AFB274616AF}.Release|x86.Build.0 = release|x64
		{4E8301E4-08B2-33AE-A526-610CE9E61B07}.checked|ARM64.ActiveCfg = checked|x64
		{4E8301E4-08B2-33AE-A526-610CE9E61B07}.checked|ARM64.Build.0 = checked|x64
		{4E8301E4-08B2-33AE-A526-610CE9E61B07}.checked|x64.ActiveCfg = checked|x64
		{4E8301E4-08B2-33AE-A526-610CE9E61B07}.checked|x64.Build.0 = checked|x64
		{4E8301E4-08B2-33AE-A526-610CE9E61B07}.checked|x86.ActiveCfg = checked|x64
		{4E8301E4-08B2-33AE-A526-610CE9E61B07}.checked|x86.Build.0 = checked|x64
		{4E8301E4-08B2-33AE-A526-610CE9E61B07}.Debug|ARM64.ActiveCfg = debug|x64
		{4E8301E4-08B2-33AE-A526-610CE9E61B07}.Debug|ARM64.Build.0 = debug|x64
		{4E8301E4-08B2-33AE-A526-610CE9E61B07}.Debug|x64.ActiveCfg = debug|x64
		{4E8301E4-08B2-33AE-A526-610CE9E61B07}.Debug|x64.Build.0 = debug|x64
		{4E8301E4-08B2-33AE-A526-610CE9E61B07}.Debug|x86.ActiveCfg = debug|x64
		{4E8301E4-08B2-33AE-A526-610CE9E61B07}.Debug|x86.Build.0 = debug|x64
		{4E8301E4-08B2-33AE-A526-610CE9E61B07}.profile|ARM64.ActiveCfg = profile|x64
		{4E8301E4-08B2-33AE-A526-610CE9E61B07}.profile|ARM64.Build.0 = profile|x64
		{4E8301E4-08B2-33AE-A526-610CE9E61B07}.profile|x64.ActiveCfg = profile|x64
		{4E8301E4-08B2-33AE-A526-610CE9E61B07}.profile|x64.Build.0 = profile|x64
		{4E8301E4-08B2-33AE-A526-610CE9E61B07}.profile|x86.ActiveCfg = profile|x64
		{4E8301E4-08B2-33AE-A526-610CE9E61B07}.profile|x86.Build.0 = profile|x64
		{4E8301E4-08B2-33AE-A526-610CE9E61B07}.Release|ARM64.ActiveCfg = release|x64
		{4E8301E4-08B2-33AE-A526-610CE9E61B07}.Release|ARM64.Build.0 = release|x64
		{4E8301E4-08B2-33AE-A526-610CE9E61B07}.Release|x64.ActiveCfg = release|x64
		{4E8301E4-08B2-33AE-A526-610CE9E61B07}.Release|x64.Build.0 = release|x64
		{4E8301E4-08B2-33AE-A526-610CE9E61B07}.Release|x86.ActiveCfg = release|x64
		{4E8301E4-08B2-33AE-A526-610CE9E61B07}.Release|x86.Build.0 = release|x64
		{F7CABF15-F6D4-3547-9F12-1D2E8AC9A666}.checked|ARM64.ActiveCfg = checked|x64
		{F7CABF15-F6D4-3547-9F12-1D2E8AC9A666}.checked|ARM64.Build.0 = checked|x64
		{F7CABF15-F6D4-3547-9F12-1D2E8AC9A666}.checked|x64.ActiveCfg = checked|x64
		{F7CABF15-F6D4-3547-9F12-1D2E8AC9A666}.checked|x64.Build.0 = checked|x64
		{F7CABF15-F6D4-3547-9F12-1D2E8AC9A666}.checked|x86.ActiveCfg = checked|x64
		{F7CABF15-F6D4-3547-9F12-1D2E8AC9A666}.checked|x86.Build.0 = checked|x64
		{F7CABF15-F6D4-3547-9F12-1D2E8AC9A666}.Debug|ARM64.ActiveCfg = debug|x64
		{F7CABF15-F6D4-3547-9F12-1D2E8AC9A666}.Debug|ARM64.Build.0 = debug|x64
		{F7CABF15-F6D4-3547-9F12-1D2E8AC9A666}.Debug|x64.ActiveCfg = debug|x64
		{F7CABF15-F6D4-3547-9F12-1D2E8AC9A666}.Debug|x64.Build.0 = debug|x64
		{F7CABF15-F6D4-3547-9F12-1D2E8AC9A666}.Debug|x86.ActiveCfg = debug|x64
		{F7CABF15-F6D4-3547-9F12-1D2E8AC9A666}.Debug|x86.Build.0 = debug|x64
		{F7CABF15-F6D4-3547-9F12-1D2E8AC9A666}.profile|ARM64.ActiveCfg = profile|x64
		{F7CABF15-F6D4-3547-9F12-1D2E8AC9A666}.profile|ARM64.Build.0 = profile|x64
		{F7CABF15-F6D4-3547-9F12-1D2E8AC9A666}.profile|x64.ActiveCfg = profile|x64
		{F7CABF15-F6D4-3547-9F12-1D2E8AC9A666}.profile|x64.Build.0 = profile|x64
		{F7CABF15-F6D4-3547-9F12-1D2E8AC9A666}.profile|x86.ActiveCfg = profile|x64
		{F7CABF15-F6D4-3547-9F12-1D2E8AC9A666}.profile|x86.Build.0 = profile|x64
		{F7CABF15-F6D4-3547-9F12-1D2E8AC9A666}.Release|ARM64.ActiveCfg = release|x64
		{F7CABF15-F6D4-3547-9F12-1D2E8AC9A666}.Release|ARM64.Build.0 = release|x64
		{F7CABF15-F6D4-3547-9F12-1D2E8AC9A666}.Release|x64.ActiveCfg = release|x64
		{F7CABF15-F6D4-3547-9F12-1D2E8AC9A666}.Release|x64.Build.0 = release|x64
		{F7CABF15-F6D4-3547-9F12-1D2E8AC9A666}.Release|x86.ActiveCfg = release|x64
		{F7CABF15-F6D4-3547-9F12-1D2E8AC9A666}.Release|x86.Build.0 = release|x64
		{86BF0AFC-2815-3C3B-906A-914C74F0E053}.checked|ARM64.ActiveCfg = checked|x64
		{86BF0AFC-2815-3C3B-906A-914C74F0E053}.checked|ARM64.Build.0 = checked|x64
		{86BF0AFC-2815-3C3B-906A-914C74F0E053}.checked|x64.ActiveCfg = checked|x64
		{86BF0AFC-2815-3C3B-906A-914C74F0E053}.checked|x64.Build.0 = checked|x64
		{86BF0AFC-2815-3C3B-906A-914C74F0E053}.checked|x86.ActiveCfg = checked|x64
		{86BF0AFC-2815-3C3B-906A-914C74F0E053}.checked|x86.Build.0 = checked|x64
		{86BF0AFC-2815-3C3B-906A-914C74F0E053}.Debug|ARM64.ActiveCfg = debug|x64
		{86BF0AFC-2815-3C3B-906A-914C74F0E053}.Debug|ARM64.Build.0 = debug|x64
		{86BF0AFC-2815-3C3B-906A-914C74F0E053}.Debug|x64.ActiveCfg = debug|x64
		{86BF0AFC-2815-3C3B-906A-914C74F0E053}.Debug|x64.Build.0 = debug|x64
		{86BF0AFC-2815-3C3B-906A-914C74F0E053}.Debug|x86.ActiveCfg = debug|x64
		{86BF0AFC-2815-3C3B-906A-914C74F0E053}.Debug|x86.Build.0 = debug|x64
		{86BF0AFC-2815-3C3B-906A-914C74F0E053}.profile|ARM64.ActiveCfg = profile|x64
		{86BF0AFC-2815-3C3B-906A-914C74F0E053}.profile|ARM64.Build.0 = profile|x64
		{86BF0AFC-2815-3C3B-906A-914C74F0E053}.profile|x64.ActiveCfg = profile|x64
		{86BF0AFC-2815-3C3B-906A-914C74F0E053}.profile|x64.Build.0 = profile|x64
		{86BF0AFC-2815-3C3B-906A-914C74F0E053}.profile|x86.ActiveCfg = profile|x64
		{86BF0AFC-2815-3C3B-906A-914C74F0E053}.profile|x86.Build.0 = profile|x64
		{86BF0AFC-2815-3C3B-906A-914C74F0E053}.Release|ARM64.ActiveCfg = release|x64
		{86BF0AFC-2815-3C3B-906A-914C74F0E053}.Release|ARM64.Build.0 = release|x64
		{86BF0AFC-2815-3C3B-906A-914C74F0E053}.Release|x64.ActiveCfg = release|x64
		{86BF0AFC-2815-3C3B-906A-914C74F0E053}.Release|x64.Build.0 = release|x64
		{86BF0AFC-2815-3C3B-906A-914C74F0E053}.Release|x86.ActiveCfg = release|x64
		{86BF0AFC-2815-3C3B-906A-914C74F0E053}.Release|x86.Build.0 = release|x64
		{2C35BDAE-3154-3690-81EC-0428D4D3F5A6}.checked|ARM64.ActiveCfg = checked|x64
		{2C35BDAE-3154-3690-81EC-0428D4D3F5A6}.checked|ARM64.Build.0 = checked|x64
		{2C35BDAE-3154-3690-81EC-0428D4D3F5A6}.checked|x64.ActiveCfg = checked|x64
		{2C35BDAE-3154-3690-81EC-0428D4D3F5A6}.checked|x64.Build.0 = checked|x64
		{2C35BDAE-3154-3690-81EC-0428D4D3F5A6}.checked|x86.ActiveCfg = checked|x64
		{2C35BDAE-3154-3690-81EC-0428D4D3F5A6}.checked|x86.Build.0 = checked|x64
		{2C35BDAE-3154-3690-81EC-0428D4D3F5A6}.Debug|ARM64.ActiveCfg = debug|x64
		{2C35BDAE-3154-3690-81EC-0428D4D3F5A6}.Debug|ARM64.Build.0 = debug|x64
		{2C35BDAE-3154-3690-81EC-0428D4D3F5A6}.Debug|x64.ActiveCfg = debug|x64
		{2C35BDAE-3154-3690-81EC-0428D4D3F5A6}.Debug|x64.Build.0 = debug|x64
		{2C35BDAE-3154-3690-81EC-0428D4D3F5A6}.Debug|x86.ActiveCfg = debug|x64
		{2C35BDAE-3154-3690-81EC-0428D4D3F5A6}.Debug|x86.Build.0 = debug|x64
		{2C35BDAE-3154-3690-81EC-0428D4D3F5A6}.profile|ARM64.ActiveCfg = profile|x64
		{2C35BDAE-3154-3690-81EC-0428D4D3F5A6}.profile|ARM64.Build.0 = profile|x64
		{2C35BDAE-3154-3690-81EC-0428D4D3F5A6}.profile|x64.ActiveCfg = profile|x64
		{2C35BDAE-3154-3690-81EC-0428D4D3F5A6}.profile|x64.Build.0 = profile|x64
		{2C35BDAE-3154-3690-81EC-0428D4D3F5A6}.profile|x86.ActiveCfg = profile|x64
		{2C35BDAE-3154-3690-81EC-0428D4D3F5A6}.profile|x86.Build.0 = profile|x64
		{2C35BDAE-3154-3690-81EC-0428D4D3F5A6}.Release|ARM64.ActiveCfg = release|x64
		{2C35BDAE-3154-3690-81EC-0428D4D3F5A6}.Release|ARM64.Build.0 = release|x64
		{2C35BDAE-3154-3690-81EC-0428D4D3F5A6}.Release|x64.ActiveCfg = release|x64
		{2C35BDAE-3154-3690-81EC-0428D4D3F5A6}.Release|x64.Build.0 = release|x64
		{2C35BDAE-3154-3690-81EC-0428D4D3F5A6}.Release|x86.ActiveCfg = release|x64
		{2C35BDAE-3154-3690-81EC-0428D4D3F5A6}.Release|x86.Build.0 = release|x64
		{5D9DF60E-A237-3D70-88B4-6A440F0F4EAA}.checked|ARM64.ActiveCfg = checked|x64
		{5D9DF60E-A237-3D70-88B4-6A440F0F4EAA}.checked|ARM64.Build.0 = checked|x64
		{5D9DF60E-A237-3D70-88B4-6A440F0F4EAA}.checked|x64.ActiveCfg = checked|x64
		{5D9DF60E-A237-3D70-88B4-6A440F0F4EAA}.checked|x64.Build.0 = checked|x64
		{5D9DF60E-A237-3D70-88B4-6A440F0F4EAA}.checked|x86.ActiveCfg = checked|x64
		{5D9DF60E-A237-3D70-88B4-6A440F0F4EAA}.checked|x86.Build.0 = checked|x64
		{5D9DF60E-A237-3D70-88B4-6A440F0F4EAA}.Debug|ARM64.ActiveCfg = debug|x64
		{5D9DF60E-A237-3D70-88B4-6A440F0F4EAA}.Debug|ARM64.Build.0 = debug|x64
		{5D9DF60E-A237-3D70-88B4-6A440F0F4EAA}.Debug|x64.ActiveCfg = debug|x64
		{5D9DF60E-A237-3D70-88B4-6A440F0F4EAA}.Debug|x64.Build.0 = debug|x64
		{5D9DF60E-A237-3D70-88B4-6A440F0F4EAA}.Debug|x86.ActiveCfg = debug|x64
		{5D9DF60E-A237-3D70-88B4-6A440F0F4EAA}.Debug|x86.Build.0 = debug|x64
		{5D9DF60E-A237-3D70-88B4-6A440F0F4EAA}.profile|ARM64.ActiveCfg = profile|x64
		{5D9DF60E-A237-3D70-88B4-6A440F0F4EAA}.profile|ARM64.Build.0 = profile|x64
		{5D9DF60E-A237-3D70-88B4-6A440F0F4EAA}.profile|x64.ActiveCfg = profile|x64
		{5D9DF60E-A237-3D70-88B4-6A440F0F4EAA}.profile|x64.Build.0 = profile|x64
		{5D9DF60E-A237-3D70-88B4-6A440F0F4EAA}.profile|x86.ActiveCfg = profile|x64
		{5D9DF60E-A237-3D70-88B4-6A440F0F4EAA}.profile|x86.Build.0 = profile|x64
		{5D9DF60E-A237-3D70-88B4-6A440F0F4EAA}.Release|ARM64.ActiveCfg = release|x64
		{5D9DF60E-A237-3D70-88B4-6A440F0F4EAA}.Release|ARM64.Build.0 = release|x64
		{5D9DF60E-A237-3D70-88B4-6A440F0F4EAA}.Release|x64.ActiveCfg = release|x64
		{5D9DF60E-A237-3D70-88B4-6A440F0F4EAA}.Release|x64.Build.0 = release|x64
		{5D9DF60E-A237-3D70-88B4-6A440F0F4EAA}.Release|x86.ActiveCfg = release|x64
		{5D9DF60E-A237-3D70-88B4-6A440F0F4EAA}.Release|x86.Build.0 = release|x64
		{FB587710-1855-3264-AE4A-BBFF15A528B7}.checked|ARM64.ActiveCfg = checked|x64
		{FB587710-1855-3264-AE4A-BBFF15A528B7}.checked|ARM64.Build.0 = checked|x64
		{FB587710-1855-3264-AE4A-BBFF15A528B7}.checked|x64.ActiveCfg = checked|x64
		{FB587710-1855-3264-AE4A-BBFF15A528B7}.checked|x64.Build.0 = checked|x64
		{FB587710-1855-3264-AE4A-BBFF15A528B7}.checked|x86.ActiveCfg = checked|x64
		{FB587710-1855-3264-AE4A-BBFF15A528B7}.checked|x86.Build.0 = checked|x64
		{FB587710-1855-3264-AE4A-BBFF15A528B7}.Debug|ARM64.ActiveCfg = debug|x64
		{FB587710-1855-3264-AE4A-BBFF15A528B7}.Debug|ARM64.Build.0 = debug|x64
		{FB587710-1855-3264-AE4A-BBFF15A528B7}.Debug|x64.ActiveCfg = debug|x64
		{FB587710-1855-3264-AE4A-BBFF15A528B7}.Debug|x64.Build.0 = debug|x64
		{FB587710-1855-3264-AE4A-BBFF15A528B7}.Debug|x86.ActiveCfg = debug|x64
		{FB587710-1855-3264-AE4A-BBFF15A528B7}.Debug|x86.Build.0 = debug|x64
		{FB587710-1855-3264-AE4A-BBFF15A528B7}.profile|ARM64.ActiveCfg = profile|x64
		{FB587710-1855-3264-AE4A-BBFF15A528B7}.profile|ARM64.Build.0 = profile|x64
		{FB587710-1855-3264-AE4A-BBFF15A528B7}.profile|x64.ActiveCfg = profile|x64
		{FB587710-1855-3264-AE4A-BBFF15A528B7}.profile|x64.Build.0 = profile|x64
		{FB587710-1855-3264-AE4A-BBFF15A528B7}.profile|x86.ActiveCfg = profile|x64
		{FB587710-1855-3264-AE4A-BBFF15A528B7}.profile|x86.Build.0 = profile|x64
		{FB587710-1855-3264-AE4A-BBFF15A528B7}.Release|ARM64.ActiveCfg = release|x64
		{FB587710-1855-3264-AE4A-BBFF15A528B7}.Release|ARM64.Build.0 = release|x64
		{FB587710-1855-3264-AE4A-BBFF15A528B7}.Release|x64.ActiveCfg = release|x64
		{FB587710-1855-3264-AE4A-BBFF15A528B7}.Release|x64.Build.0 = release|x64
		{FB587710-1855-3264-AE4A-BBFF15A528B7}.Release|x86.ActiveCfg = release|x64
		{FB587710-1855-3264-AE4A-BBFF15A528B7}.Release|x86.Build.0 = release|x64
		{9AC58A1B-1836-3388-AADE-3FF72C42E8AF}.checked|ARM64.ActiveCfg = checked|x64
		{9AC58A1B-1836-3388-AADE-3FF72C42E8AF}.checked|ARM64.Build.0 = checked|x64
		{9AC58A1B-1836-3388-AADE-3FF72C42E8AF}.checked|x64.ActiveCfg = checked|x64
		{9AC58A1B-1836-3388-AADE-3FF72C42E8AF}.checked|x64.Build.0 = checked|x64
		{9AC58A1B-1836-3388-AADE-3FF72C42E8AF}.checked|x86.ActiveCfg = checked|x64
		{9AC58A1B-1836-3388-AADE-3FF72C42E8AF}.checked|x86.Build.0 = checked|x64
		{9AC58A1B-1836-3388-AADE-3FF72C42E8AF}.Debug|ARM64.ActiveCfg = debug|x64
		{9AC58A1B-1836-3388-AADE-3FF72C42E8AF}.Debug|ARM64.Build.0 = debug|x64
		{9AC58A1B-1836-3388-AADE-3FF72C42E8AF}.Debug|x64.ActiveCfg = debug|x64
		{9AC58A1B-1836-3388-AADE-3FF72C42E8AF}.Debug|x64.Build.0 = debug|x64
		{9AC58A1B-1836-3388-AADE-3FF72C42E8AF}.Debug|x86.ActiveCfg = debug|x64
		{9AC58A1B-1836-3388-AADE-3FF72C42E8AF}.Debug|x86.Build.0 = debug|x64
		{9AC58A1B-1836-3388-AADE-3FF72C42E8AF}.profile|ARM64.ActiveCfg = profile|x64
		{9AC58A1B-1836-3388-AADE-3FF72C42E8AF}.profile|ARM64.Build.0 = profile|x64
		{9AC58A1B-1836-3388-AADE-3FF72C42E8AF}.profile|x64.ActiveCfg = profile|x64
		{9AC58A1B-1836-3388-AADE-3FF72C42E8AF}.profile|x64.Build.0 = profile|x64
		{9AC58A1B-1836-3388-AADE-3FF72C42E8AF}.profile|x86.ActiveCfg = profile|x64
		{9AC58A1B-1836-3388-AADE-3FF72C42E8AF}.profile|x86.Build.0 = profile|x64
		{9AC58A1B-1836-3388-AADE-3FF72C42E8AF}.Release|ARM64.ActiveCfg = release|x64
		{9AC58A1B-1836-3388-AADE-3FF72C42E8AF}.Release|ARM64.Build.0 = release|x64
		{9AC58A1B-1836-3388-AADE-3FF72C42E8AF}.Release|x64.ActiveCfg = release|x64
		{9AC58A1B-1836-3388-AADE-3FF72C42E8AF}.Release|x64.Build.0 = release|x64
		{9AC58A1B-1836-3388-AADE-3FF72C42E8AF}.Release|x86.ActiveCfg = release|x64
		{9AC58A1B-1836-3388-AADE-3FF72C42E8AF}.Release|x86.Build.0 = release|x64
		{ACCFD94E-946A-40BF-9572-20588102B0EF}.checked|ARM64.ActiveCfg = Debug|x64
		{ACCFD94E-946A-40BF-9572-20588102B0EF}.checked|ARM64.Build.0 = Debug|x64
		{ACCFD94E-946A-40BF-9572-20588102B0EF}.checked|x64.ActiveCfg = Debug|x64
		{ACCFD94E-946A-40BF-9572-20588102B0EF}.checked|x64.Build.0 = Debug|x64
		{ACCFD94E-946A-40BF-9572-20588102B0EF}.checked|x86.ActiveCfg = Debug|Win32
		{ACCFD94E-946A-40BF-9572-20588102B0EF}.checked|x86.Build.0 = Debug|Win32
		{ACCFD94E-946A-40BF-9572-20588102B0EF}.Debug|ARM64.ActiveCfg = Debug|x64
		{ACCFD94E-946A-40BF-9572-20588102B0EF}.Debug|ARM64.Build.0 = Debug|x64
		{ACCFD94E-946A-40BF-9572-20588102B0EF}.Debug|x64.ActiveCfg = Debug|x64
		{ACCFD94E-946A-40BF-9572-20588102B0EF}.Debug|x64.Build.0 = Debug|x64
		{ACCFD94E-946A-40BF-9572-20588102B0EF}.Debug|x86.ActiveCfg = Debug|Win32
		{ACCFD94E-946A-40BF-9572-20588102B0EF}.Debug|x86.Build.0 = Debug|Win32
		{ACCFD94E-946A-40BF-9572-20588102B0EF}.profile|ARM64.ActiveCfg = Debug|x64
		{ACCFD94E-946A-40BF-9572-20588102B0EF}.profile|ARM64.Build.0 = Debug|x64
		{ACCFD94E-946A-40BF-9572-20588102B0EF}.profile|x64.ActiveCfg = Debug|x64
		{ACCFD94E-946A-40BF-9572-20588102B0EF}.profile|x64.Build.0 = Debug|x64
		{ACCFD94E-946A-40BF-9572-20588102B0EF}.profile|x86.ActiveCfg = Debug|Win32
		{ACCFD94E-946A-40BF-9572-20588102B0EF}.profile|x86.Build.0 = Debug|Win32
		{ACCFD94E-946A-40BF-9572-20588102B0EF}.Release|ARM64.ActiveCfg = Release|x64
		{ACCFD94E-946A-40BF-9572-20588102B0EF}.Release|ARM64.Build.0 = Release|x64
		{ACCFD94E-946A-40BF-9572-20588102B0EF}.Release|x64.ActiveCfg = Release|x64
		{ACCFD94E-946A-40BF-9572-20588102B0EF}.Release|x64.Build.0 = Release|x64
		{ACCFD94E-946A-40BF-9572-20588102B0EF}.Release|x86.ActiveCfg = Release|Win32
		{ACCFD94E-946A-40BF-9572-20588102B0EF}.Release|x86.Build.0 = Release|Win32
		{3E0E8608-CD9B-4C76-AF33-29CA38F2C9F0}.checked|ARM64.ActiveCfg = Debug|ARM64
		{3E0E8608-CD9B-4C76-AF33-29CA38F2C9F0}.checked|ARM64.Build.0 = Debug|ARM64
		{3E0E8608-CD9B-4C76-AF33-29CA38F2C9F0}.checked|x64.ActiveCfg = Debug|x64
		{3E0E8608-CD9B-4C76-AF33-29CA38F2C9F0}.checked|x64.Build.0 = Debug|x64
		{3E0E8608-CD9B-4C76-AF33-29CA38F2C9F0}.checked|x86.ActiveCfg = Debug|Win32
		{3E0E8608-CD9B-4C76-AF33-29CA38F2C9F0}.checked|x86.Build.0 = Debug|Win32
		{3E0E8608-CD9B-4C76-AF33-29CA38F2C9F0}.Debug|ARM64.ActiveCfg = Debug|ARM64
		{3E0E8608-CD9B-4C76-AF33-29CA38F2C9F0}.Debug|ARM64.Build.0 = Debug|ARM64
		{3E0E8608-CD9B-4C76-AF33-29CA38F2C9F0}.Debug|x64.ActiveCfg = Debug|x64
		{3E0E8608-CD9B-4C76-AF33-29CA38F2C9F0}.Debug|x64.Build.0 = Debug|x64
		{3E0E8608-CD9B-4C76-AF33-29CA38F2C9F0}.Debug|x86.ActiveCfg = Debug|Win32
		{3E0E8608-CD9B-4C76-AF33-29CA38F2C9F0}.Debug|x86.Build.0 = Debug|Win32
		{3E0E8608-CD9B-4C76-AF33-29CA38F2C9F0}.profile|ARM64.ActiveCfg = Debug|ARM64
		{3E0E8608-CD9B-4C76-AF33-29CA38F2C9F0}.profile|ARM64.Build.0 = Debug|ARM64
		{3E0E8608-CD9B-4C76-AF33-29CA38F2C9F0}.profile|x64.ActiveCfg = Debug|x64
		{3E0E8608-CD9B-4C76-AF33-29CA38F2C9F0}.profile|x64.Build.0 = Debug|x64
		{3E0E8608-CD9B-4C76-AF33-29CA38F2C9F0}.profile|x86.ActiveCfg = Debug|Win32
		{3E0E8608-CD9B-4C76-AF33-29CA38F2C9F0}.profile|x86.Build.0 = Debug|Win32
		{3E0E8608-CD9B-4C76-AF33-29CA38F2C9F0}.Release|ARM64.ActiveCfg = Release|ARM64
		{3E0E8608-CD9B-4C76-AF33-29CA38F2C9F0}.Release|ARM64.Build.0 = Release|ARM64
		{3E0E8608-CD9B-4C76-AF33-29CA38F2C9F0}.Release|x64.ActiveCfg = Release|x64
		{3E0E8608-CD9B-4C76-AF33-29CA38F2C9F0}.Release|x64.Build.0 = Release|x64
		{3E0E8608-CD9B-4C76-AF33-29CA38F2C9F0}.Release|x86.ActiveCfg = Release|Win32
		{3E0E8608-CD9B-4C76-AF33-29CA38F2C9F0}.Release|x86.Build.0 = Release|Win32
		{D30063A1-15AB-30BF-ABB6-93A2154A7E61}.checked|ARM64.ActiveCfg = checked|x64
		{D30063A1-15AB-30BF-ABB6-93A2154A7E61}.checked|ARM64.Build.0 = checked|x64
		{D30063A1-15AB-30BF-ABB6-93A2154A7E61}.checked|x64.ActiveCfg = checked|x64
		{D30063A1-15AB-30BF-ABB6-93A2154A7E61}.checked|x64.Build.0 = checked|x64
		{D30063A1-15AB-30BF-ABB6-93A2154A7E61}.checked|x86.ActiveCfg = checked|x64
		{D30063A1-15AB-30BF-ABB6-93A2154A7E61}.checked|x86.Build.0 = checked|x64
		{D30063A1-15AB-30BF-ABB6-93A2154A7E61}.Debug|ARM64.ActiveCfg = debug|x64
		{D30063A1-15AB-30BF-ABB6-93A2154A7E61}.Debug|ARM64.Build.0 = debug|x64
		{D30063A1-15AB-30BF-ABB6-93A2154A7E61}.Debug|x64.ActiveCfg = debug|x64
		{D30063A1-15AB-30BF-ABB6-93A2154A7E61}.Debug|x64.Build.0 = debug|x64
		{D30063A1-15AB-30BF-ABB6-93A2154A7E61}.Debug|x86.ActiveCfg = debug|x64
		{D30063A1-15AB-30BF-ABB6-93A2154A7E61}.Debug|x86.Build.0 = debug|x64
		{D30063A1-15AB-30BF-ABB6-93A2154A7E61}.profile|ARM64.ActiveCfg = profile|x64
		{D30063A1-15AB-30BF-ABB6-93A2154A7E61}.profile|ARM64.Build.0 = profile|x64
		{D30063A1-15AB-30BF-ABB6-93A2154A7E61}.profile|x64.ActiveCfg = profile|x64
		{D30063A1-15AB-30BF-ABB6-93A2154A7E61}.profile|x64.Build.0 = profile|x64
		{D30063A1-15AB-30BF-ABB6-93A2154A7E61}.profile|x86.ActiveCfg = profile|x64
		{D30063A1-15AB-30BF-ABB6-93A2154A7E61}.profile|x86.Build.0 = profile|x64
		{D30063A1-15AB-30BF-ABB6-93A2154A7E61}.Release|ARM64.ActiveCfg = release|x64
		{D30063A1-15AB-30BF-ABB6-93A2154A7E61}.Release|ARM64.Build.0 = release|x64
		{D30063A1-15AB-30BF-ABB6-93A2154A7E61}.Release|x64.ActiveCfg = release|x64
		{D30063A1-15AB-30BF-ABB6-93A2154A7E61}.Release|x64.Build.0 = release|x64
		{D30063A1-15AB-30BF-ABB6-93A2154A7E61}.Release|x86.ActiveCfg = release|x64
		{D30063A1-15AB-30BF-ABB6-93A2154A7E61}.Release|x86.Build.0 = release|x64
		{46134651-D22B-47F7-8CA0-562D87DEF0F9}.checked|ARM64.ActiveCfg = Debug|x64
		{46134651-D22B-47F7-8CA0-562D87DEF0F9}.checked|ARM64.Build.0 = Debug|x64
		{46134651-D22B-47F7-8CA0-562D87DEF0F9}.checked|x64.ActiveCfg = Debug|x64
		{46134651-D22B-47F7-8CA0-562D87DEF0F9}.checked|x64.Build.0 = Debug|x64
		{46134651-D22B-47F7-8CA0-562D87DEF0F9}.checked|x86.ActiveCfg = Debug|Win32
		{46134651-D22B-47F7-8CA0-562D87DEF0F9}.checked|x86.Build.0 = Debug|Win32
		{46134651-D22B-47F7-8CA0-562D87DEF0F9}.Debug|ARM64.ActiveCfg = Debug|x64
		{46134651-D22B-47F7-8CA0-562D87DEF0F9}.Debug|ARM64.Build.0 = Debug|x64
		{46134651-D22B-47F7-8CA0-562D87DEF0F9}.Debug|x64.ActiveCfg = Debug|x64
		{46134651-D22B-47F7-8CA0-562D87DEF0F9}.Debug|x64.Build.0 = Debug|x64
		{46134651-D22B-47F7-8CA0-562D87DEF0F9}.Debug|x86.ActiveCfg = Debug|Win32
		{46134651-D22B-47F7-8CA0-562D87DEF0F9}.Debug|x86.Build.0 = Debug|Win32
		{46134651-D22B-47F7-8CA0-562D87DEF0F9}.profile|ARM64.ActiveCfg = Debug|x64
		{46134651-D22B-47F7-8CA0-562D87DEF0F9}.profile|ARM64.Build.0 = Debug|x64
		{46134651-D22B-47F7-8CA0-562D87DEF0F9}.profile|x64.ActiveCfg = Debug|x64
		{46134651-D22B-47F7-8CA0-562D87DEF0F9}.profile|x64.Build.0 = Debug|x64
		{46134651-D22B-47F7-8CA0-562D87DEF0F9}.profile|x86.ActiveCfg = Debug|Win32
		{46134651-D22B-47F7-8CA0-562D87DEF0F9}.profile|x86.Build.0 = Debug|Win32
		{46134651-D22B-47F7-8CA0-562D87DEF0F9}.Release|ARM64.ActiveCfg = Release|x64
		{46134651-D22B-47F7-8CA0-562D87DEF0F9}.Release|ARM64.Build.0 = Release|x64
		{46134651-D22B-47F7-8CA0-562D87DEF0F9}.Release|x64.ActiveCfg = Release|x64
		{46134651-D22B-47F7-8CA0-562D87DEF0F9}.Release|x64.Build.0 = Release|x64
		{46134651-D22B-47F7-8CA0-562D87DEF0F9}.Release|x86.ActiveCfg = Release|Win32
		{46134651-D22B-47F7-8CA0-562D87DEF0F9}.Release|x86.Build.0 = Release|Win32
		{B0F826CC-400F-342D-BF09-BAD6C19F4FDA}.checked|ARM64.ActiveCfg = checked|x64
		{B0F826CC-400F-342D-BF09-BAD6C19F4FDA}.checked|ARM64.Build.0 = checked|x64
		{B0F826CC-400F-342D-BF09-BAD6C19F4FDA}.checked|x64.ActiveCfg = checked|x64
		{B0F826CC-400F-342D-BF09-BAD6C19F4FDA}.checked|x64.Build.0 = checked|x64
		{B0F826CC-400F-342D-BF09-BAD6C19F4FDA}.checked|x86.ActiveCfg = checked|x64
		{B0F826CC-400F-342D-BF09-BAD6C19F4FDA}.checked|x86.Build.0 = checked|x64
		{B0F826CC-400F-342D-BF09-BAD6C19F4FDA}.Debug|ARM64.ActiveCfg = debug|x64
		{B0F826CC-400F-342D-BF09-BAD6C19F4FDA}.Debug|ARM64.Build.0 = debug|x64
		{B0F826CC-400F-342D-BF09-BAD6C19F4FDA}.Debug|x64.ActiveCfg = debug|x64
		{B0F826CC-400F-342D-BF09-BAD6C19F4FDA}.Debug|x64.Build.0 = debug|x64
		{B0F826CC-400F-342D-BF09-BAD6C19F4FDA}.Debug|x86.ActiveCfg = debug|x64
		{B0F826CC-400F-342D-BF09-BAD6C19F4FDA}.Debug|x86.Build.0 = debug|x64
		{B0F826CC-400F-342D-BF09-BAD6C19F4FDA}.profile|ARM64.ActiveCfg = profile|x64
		{B0F826CC-400F-342D-BF09-BAD6C19F4FDA}.profile|ARM64.Build.0 = profile|x64
		{B0F826CC-400F-342D-BF09-BAD6C19F4FDA}.profile|x64.ActiveCfg = profile|x64
		{B0F826CC-400F-342D-BF09-BAD6C19F4FDA}.profile|x64.Build.0 = profile|x64
		{B0F826CC-400F-342D-BF09-BAD6C19F4FDA}.profile|x86.ActiveCfg = profile|x64
		{B0F826CC-400F-342D-BF09-BAD6C19F4FDA}.profile|x86.Build.0 = profile|x64
		{B0F826CC-400F-342D-BF09-BAD6C19F4FDA}.Release|ARM64.ActiveCfg = release|x64
		{B0F826CC-400F-342D-BF09-BAD6C19F4FDA}.Release|ARM64.Build.0 = release|x64
		{B0F826CC-400F-342D-BF09-BAD6C19F4FDA}.Release|x64.ActiveCfg = release|x64
		{B0F826CC-400F-342D-BF09-BAD6C19F4FDA}.Release|x64.Build.0 = release|x64
		{B0F826CC-400F-342D-BF09-BAD6C19F4FDA}.Release|x86.ActiveCfg = release|x64
		{B0F826CC-400F-342D-BF09-BAD6C19F4FDA}.Release|x86.Build.0 = release|x64
	EndGlobalSection
	GlobalSection(SolutionProperties) = preSolution
		HideSolutionNode = FALSE
	EndGlobalSection
	GlobalSection(NestedProjects) = preSolution
		{CB5D135B-A195-4E43-9904-0B25B0AD5281} = {492CF49B-6CD7-4D4E-A554-E6CD6318BC4F}
		{499088D1-261D-4B52-AE41-15CE51F0CC16} = {492CF49B-6CD7-4D4E-A554-E6CD6318BC4F}
		{A57FCB51-DE87-4C2D-95CF-68152BD98FCB} = {14A9CCAF-D875-4A8D-98C6-61201A9DE959}
		{359190FF-FBED-31D1-A115-BC6DCEDDDB3F} = {A57FCB51-DE87-4C2D-95CF-68152BD98FCB}
		{F46E7679-A38D-3FE2-BED4-21B089BF2E5D} = {A57FCB51-DE87-4C2D-95CF-68152BD98FCB}
		{3D143364-3933-31D3-A72A-808B5C7CF583} = {A57FCB51-DE87-4C2D-95CF-68152BD98FCB}
		{AA0C494D-5312-3929-9114-C8DE7329EC21} = {A57FCB51-DE87-4C2D-95CF-68152BD98FCB}
		{AD9393DF-92DE-320F-9B84-0AFB274616AF} = {A57FCB51-DE87-4C2D-95CF-68152BD98FCB}
		{4E8301E4-08B2-33AE-A526-610CE9E61B07} = {A57FCB51-DE87-4C2D-95CF-68152BD98FCB}
		{F7CABF15-F6D4-3547-9F12-1D2E8AC9A666} = {A57FCB51-DE87-4C2D-95CF-68152BD98FCB}
		{86BF0AFC-2815-3C3B-906A-914C74F0E053} = {A57FCB51-DE87-4C2D-95CF-68152BD98FCB}
		{2C35BDAE-3154-3690-81EC-0428D4D3F5A6} = {A57FCB51-DE87-4C2D-95CF-68152BD98FCB}
		{5D9DF60E-A237-3D70-88B4-6A440F0F4EAA} = {A57FCB51-DE87-4C2D-95CF-68152BD98FCB}
		{FB587710-1855-3264-AE4A-BBFF15A528B7} = {A57FCB51-DE87-4C2D-95CF-68152BD98FCB}
		{9AC58A1B-1836-3388-AADE-3FF72C42E8AF} = {A57FCB51-DE87-4C2D-95CF-68152BD98FCB}
		{ACCFD94E-946A-40BF-9572-20588102B0EF} = {499088D1-261D-4B52-AE41-15CE51F0CC16}
		{B8058A98-BE3D-4DA1-BC7D-00C8E8FC74C0} = {14A9CCAF-D875-4A8D-98C6-61201A9DE959}
		{3E0E8608-CD9B-4C76-AF33-29CA38F2C9F0} = {B8058A98-BE3D-4DA1-BC7D-00C8E8FC74C0}
		{D30063A1-15AB-30BF-ABB6-93A2154A7E61} = {A57FCB51-DE87-4C2D-95CF-68152BD98FCB}
		{B0F826CC-400F-342D-BF09-BAD6C19F4FDA} = {A57FCB51-DE87-4C2D-95CF-68152BD98FCB}
	EndGlobalSection
	GlobalSection(ExtensibilityGlobals) = postSolution
		SolutionGuid = {32ECA7B1-9F11-484C-9303-CFDD4BE2674B}
	EndGlobalSection
EndGlobal
